
Microsoft Visual Studio Solution File, Format Version 12.00
# Visual Studio Version 16
VisualStudioVersion = 16.0.33328.57
MinimumVisualStudioVersion = 10.0.40219.1
Project("{F14B399A-7131-4C87-9E4B-1186C45EF12D}") = "Report 1 SP", "Report 1 SP\Report 1 SP.rptproj", "{78865AFE-EE23-4D8D-A3C4-5F33CDD3F4DA}"
EndProject
Global
	GlobalSection(SolutionConfigurationPlatforms) = preSolution
		Debug|Default = Debug|Default
		DebugLocal|Default = DebugLocal|Default
		Release|Default = Release|Default
	EndGlobalSection
	GlobalSection(ProjectConfigurationPlatforms) = postSolution
		{78865AFE-EE23-4D8D-A3C4-5F33CDD3F4DA}.Debug|Default.ActiveCfg = Debug
		{78865AFE-EE23-4D8D-A3C4-5F33CDD3F4DA}.Debug|Default.Build.0 = Debug
		{78865AFE-EE23-4D8D-A3C4-5F33CDD3F4DA}.Debug|Default.Deploy.0 = Debug
		{78865AFE-EE23-4D8D-A3C4-5F33CDD3F4DA}.DebugLocal|Default.ActiveCfg = DebugLocal
		{78865AFE-EE23-4D8D-A3C4-5F33CDD3F4DA}.DebugLocal|Default.Build.0 = DebugLocal
		{78865AFE-EE23-4D8D-A3C4-5F33CDD3F4DA}.Release|Default.ActiveCfg = Release
		{78865AFE-EE23-4D8D-A3C4-5F33CDD3F4DA}.Release|Default.Build.0 = Release
		{78865AFE-EE23-4D8D-A3C4-5F33CDD3F4DA}.Release|Default.Deploy.0 = Release
	EndGlobalSection
	GlobalSection(SolutionProperties) = preSolution
		HideSolutionNode = FALSE
	EndGlobalSection
	GlobalSection(ExtensibilityGlobals) = postSolution
		SolutionGuid = {95ECE484-E76E-45B9-918C-0980B2AC568F}
	EndGlobalSection
EndGlobal
